// !$*UTF8*$!
{
	archiveVersion = 1;
	classes = {
	};
	objectVersion = 50;
	objects = {

/* Begin PBXBuildFile section */
		49B4B56025F43807005E700D /* AppDelegate.swift in Sources */ = {isa = PBXBuildFile; fileRef = 49B4B55F25F43807005E700D /* AppDelegate.swift */; };
		49B4B56225F43807005E700D /* SceneDelegate.swift in Sources */ = {isa = PBXBuildFile; fileRef = 49B4B56125F43807005E700D /* SceneDelegate.swift */; };
		49B4B56725F43807005E700D /* Main.storyboard in Resources */ = {isa = PBXBuildFile; fileRef = 49B4B56525F43807005E700D /* Main.storyboard */; };
		49B4B56925F43809005E700D /* Assets.xcassets in Resources */ = {isa = PBXBuildFile; fileRef = 49B4B56825F43809005E700D /* Assets.xcassets */; };
		49B4B56C25F43809005E700D /* LaunchScreen.storyboard in Resources */ = {isa = PBXBuildFile; fileRef = 49B4B56A25F43809005E700D /* LaunchScreen.storyboard */; };
		49B4B57725F43809005E700D /* MatchFlixTests.swift in Sources */ = {isa = PBXBuildFile; fileRef = 49B4B57625F43809005E700D /* MatchFlixTests.swift */; };
		49B4B58225F43809005E700D /* MatchFlixUITests.swift in Sources */ = {isa = PBXBuildFile; fileRef = 49B4B58125F43809005E700D /* MatchFlixUITests.swift */; };
		49B4B5A925F43CF6005E700D /* HomeController.swift in Sources */ = {isa = PBXBuildFile; fileRef = 49B4B5A825F43CF6005E700D /* HomeController.swift */; };
		49B4B5AE25F43F66005E700D /* Extensions.swift in Sources */ = {isa = PBXBuildFile; fileRef = 49B4B5AD25F43F66005E700D /* Extensions.swift */; };
		49B4B5B325F43FB9005E700D /* HomeNavigationStackView.swift in Sources */ = {isa = PBXBuildFile; fileRef = 49B4B5B225F43FB9005E700D /* HomeNavigationStackView.swift */; };
		49B4B5B825F6960F005E700D /* BottomControlsStackView.swift in Sources */ = {isa = PBXBuildFile; fileRef = 49B4B5B725F6960F005E700D /* BottomControlsStackView.swift */; };
		49B4B5BD25F6E82C005E700D /* CardView.swift in Sources */ = {isa = PBXBuildFile; fileRef = 49B4B5BC25F6E82C005E700D /* CardView.swift */; };
/* End PBXBuildFile section */

/* Begin PBXContainerItemProxy section */
		49B4B57325F43809005E700D /* PBXContainerItemProxy */ = {
			isa = PBXContainerItemProxy;
			containerPortal = 49B4B55425F43807005E700D /* Project object */;
			proxyType = 1;
			remoteGlobalIDString = 49B4B55B25F43807005E700D;
			remoteInfo = MatchFlix;
		};
		49B4B57E25F43809005E700D /* PBXContainerItemProxy */ = {
			isa = PBXContainerItemProxy;
			containerPortal = 49B4B55425F43807005E700D /* Project object */;
			proxyType = 1;
			remoteGlobalIDString = 49B4B55B25F43807005E700D;
			remoteInfo = MatchFlix;
		};
/* End PBXContainerItemProxy section */

/* Begin PBXFileReference section */
		49B4B55C25F43807005E700D /* MatchFlix.app */ = {isa = PBXFileReference; explicitFileType = wrapper.application; includeInIndex = 0; path = MatchFlix.app; sourceTree = BUILT_PRODUCTS_DIR; };
		49B4B55F25F43807005E700D /* AppDelegate.swift */ = {isa = PBXFileReference; lastKnownFileType = sourcecode.swift; path = AppDelegate.swift; sourceTree = "<group>"; };
		49B4B56125F43807005E700D /* SceneDelegate.swift */ = {isa = PBXFileReference; lastKnownFileType = sourcecode.swift; path = SceneDelegate.swift; sourceTree = "<group>"; };
		49B4B56625F43807005E700D /* Base */ = {isa = PBXFileReference; lastKnownFileType = file.storyboard; name = Base; path = Base.lproj/Main.storyboard; sourceTree = "<group>"; };
		49B4B56825F43809005E700D /* Assets.xcassets */ = {isa = PBXFileReference; lastKnownFileType = folder.assetcatalog; path = Assets.xcassets; sourceTree = "<group>"; };
		49B4B56B25F43809005E700D /* Base */ = {isa = PBXFileReference; lastKnownFileType = file.storyboard; name = Base; path = Base.lproj/LaunchScreen.storyboard; sourceTree = "<group>"; };
		49B4B56D25F43809005E700D /* Info.plist */ = {isa = PBXFileReference; lastKnownFileType = text.plist.xml; path = Info.plist; sourceTree = "<group>"; };
		49B4B57225F43809005E700D /* MatchFlixTests.xctest */ = {isa = PBXFileReference; explicitFileType = wrapper.cfbundle; includeInIndex = 0; path = MatchFlixTests.xctest; sourceTree = BUILT_PRODUCTS_DIR; };
		49B4B57625F43809005E700D /* MatchFlixTests.swift */ = {isa = PBXFileReference; lastKnownFileType = sourcecode.swift; path = MatchFlixTests.swift; sourceTree = "<group>"; };
		49B4B57825F43809005E700D /* Info.plist */ = {isa = PBXFileReference; lastKnownFileType = text.plist.xml; path = Info.plist; sourceTree = "<group>"; };
		49B4B57D25F43809005E700D /* MatchFlixUITests.xctest */ = {isa = PBXFileReference; explicitFileType = wrapper.cfbundle; includeInIndex = 0; path = MatchFlixUITests.xctest; sourceTree = BUILT_PRODUCTS_DIR; };
		49B4B58125F43809005E700D /* MatchFlixUITests.swift */ = {isa = PBXFileReference; lastKnownFileType = sourcecode.swift; path = MatchFlixUITests.swift; sourceTree = "<group>"; };
		49B4B58325F43809005E700D /* Info.plist */ = {isa = PBXFileReference; lastKnownFileType = text.plist.xml; path = Info.plist; sourceTree = "<group>"; };
		49B4B5A825F43CF6005E700D /* HomeController.swift */ = {isa = PBXFileReference; lastKnownFileType = sourcecode.swift; path = HomeController.swift; sourceTree = "<group>"; };
		49B4B5AD25F43F66005E700D /* Extensions.swift */ = {isa = PBXFileReference; fileEncoding = 4; lastKnownFileType = sourcecode.swift; name = Extensions.swift; path = ../../../../../Downloads/Extensions.swift; sourceTree = "<group>"; };
		49B4B5B225F43FB9005E700D /* HomeNavigationStackView.swift */ = {isa = PBXFileReference; lastKnownFileType = sourcecode.swift; path = HomeNavigationStackView.swift; sourceTree = "<group>"; };
		49B4B5B725F6960F005E700D /* BottomControlsStackView.swift */ = {isa = PBXFileReference; lastKnownFileType = sourcecode.swift; path = BottomControlsStackView.swift; sourceTree = "<group>"; };
		49B4B5BC25F6E82C005E700D /* CardView.swift */ = {isa = PBXFileReference; lastKnownFileType = sourcecode.swift; path = CardView.swift; sourceTree = "<group>"; };
/* End PBXFileReference section */

/* Begin PBXFrameworksBuildPhase section */
		49B4B55925F43807005E700D /* Frameworks */ = {
			isa = PBXFrameworksBuildPhase;
			buildActionMask = 2147483647;
			files = (
			);
			runOnlyForDeploymentPostprocessing = 0;
		};
		49B4B56F25F43809005E700D /* Frameworks */ = {
			isa = PBXFrameworksBuildPhase;
			buildActionMask = 2147483647;
			files = (
			);
			runOnlyForDeploymentPostprocessing = 0;
		};
		49B4B57A25F43809005E700D /* Frameworks */ = {
			isa = PBXFrameworksBuildPhase;
			buildActionMask = 2147483647;
			files = (
			);
			runOnlyForDeploymentPostprocessing = 0;
		};
/* End PBXFrameworksBuildPhase section */

/* Begin PBXGroup section */
		49B4B55325F43807005E700D = {
			isa = PBXGroup;
			children = (
				49B4B55E25F43807005E700D /* MatchFlix */,
				49B4B57525F43809005E700D /* MatchFlixTests */,
				49B4B58025F43809005E700D /* MatchFlixUITests */,
				49B4B55D25F43807005E700D /* Products */,
			);
			sourceTree = "<group>";
		};
		49B4B55D25F43807005E700D /* Products */ = {
			isa = PBXGroup;
			children = (
				49B4B55C25F43807005E700D /* MatchFlix.app */,
				49B4B57225F43809005E700D /* MatchFlixTests.xctest */,
				49B4B57D25F43809005E700D /* MatchFlixUITests.xctest */,
			);
			name = Products;
			sourceTree = "<group>";
		};
		49B4B55E25F43807005E700D /* MatchFlix */ = {
			isa = PBXGroup;
			children = (
				49B4B59925F43BA8005E700D /* Utils */,
				49B4B59825F43A95005E700D /* API */,
				49B4B59725F43A91005E700D /* Controller */,
				49B4B59625F43A8B005E700D /* ViewModel */,
				49B4B59525F43A7B005E700D /* Model */,
				49B4B59225F43A69005E700D /* View */,
				49B4B55F25F43807005E700D /* AppDelegate.swift */,
				49B4B56125F43807005E700D /* SceneDelegate.swift */,
				49B4B56525F43807005E700D /* Main.storyboard */,
				49B4B56825F43809005E700D /* Assets.xcassets */,
				49B4B56A25F43809005E700D /* LaunchScreen.storyboard */,
				49B4B56D25F43809005E700D /* Info.plist */,
			);
			path = MatchFlix;
			sourceTree = "<group>";
		};
		49B4B57525F43809005E700D /* MatchFlixTests */ = {
			isa = PBXGroup;
			children = (
				49B4B57625F43809005E700D /* MatchFlixTests.swift */,
				49B4B57825F43809005E700D /* Info.plist */,
			);
			path = MatchFlixTests;
			sourceTree = "<group>";
		};
		49B4B58025F43809005E700D /* MatchFlixUITests */ = {
			isa = PBXGroup;
			children = (
				49B4B58125F43809005E700D /* MatchFlixUITests.swift */,
				49B4B58325F43809005E700D /* Info.plist */,
			);
			path = MatchFlixUITests;
			sourceTree = "<group>";
		};
		49B4B59225F43A69005E700D /* View */ = {
			isa = PBXGroup;
			children = (
				49B4B5B225F43FB9005E700D /* HomeNavigationStackView.swift */,
				49B4B5B725F6960F005E700D /* BottomControlsStackView.swift */,
				49B4B5BC25F6E82C005E700D /* CardView.swift */,
			);
			path = View;
			sourceTree = "<group>";
		};
		49B4B59525F43A7B005E700D /* Model */ = {
			isa = PBXGroup;
			children = (
			);
			path = Model;
			sourceTree = "<group>";
		};
		49B4B59625F43A8B005E700D /* ViewModel */ = {
			isa = PBXGroup;
			children = (
			);
			path = ViewModel;
			sourceTree = "<group>";
		};
		49B4B59725F43A91005E700D /* Controller */ = {
			isa = PBXGroup;
			children = (
				49B4B5A825F43CF6005E700D /* HomeController.swift */,
			);
			path = Controller;
			sourceTree = "<group>";
		};
		49B4B59825F43A95005E700D /* API */ = {
			isa = PBXGroup;
			children = (
			);
			path = API;
			sourceTree = "<group>";
		};
		49B4B59925F43BA8005E700D /* Utils */ = {
			isa = PBXGroup;
			children = (
				49B4B5AD25F43F66005E700D /* Extensions.swift */,
			);
			path = Utils;
			sourceTree = "<group>";
		};
/* End PBXGroup section */

/* Begin PBXNativeTarget section */
		49B4B55B25F43807005E700D /* MatchFlix */ = {
			isa = PBXNativeTarget;
			buildConfigurationList = 49B4B58625F43809005E700D /* Build configuration list for PBXNativeTarget "MatchFlix" */;
			buildPhases = (
				49B4B55825F43807005E700D /* Sources */,
				49B4B55925F43807005E700D /* Frameworks */,
				49B4B55A25F43807005E700D /* Resources */,
			);
			buildRules = (
			);
			dependencies = (
			);
			name = MatchFlix;
			productName = MatchFlix;
			productReference = 49B4B55C25F43807005E700D /* MatchFlix.app */;
			productType = "com.apple.product-type.application";
		};
		49B4B57125F43809005E700D /* MatchFlixTests */ = {
			isa = PBXNativeTarget;
			buildConfigurationList = 49B4B58925F43809005E700D /* Build configuration list for PBXNativeTarget "MatchFlixTests" */;
			buildPhases = (
				49B4B56E25F43809005E700D /* Sources */,
				49B4B56F25F43809005E700D /* Frameworks */,
				49B4B57025F43809005E700D /* Resources */,
			);
			buildRules = (
			);
			dependencies = (
				49B4B57425F43809005E700D /* PBXTargetDependency */,
			);
			name = MatchFlixTests;
			productName = MatchFlixTests;
			productReference = 49B4B57225F43809005E700D /* MatchFlixTests.xctest */;
			productType = "com.apple.product-type.bundle.unit-test";
		};
		49B4B57C25F43809005E700D /* MatchFlixUITests */ = {
			isa = PBXNativeTarget;
			buildConfigurationList = 49B4B58C25F43809005E700D /* Build configuration list for PBXNativeTarget "MatchFlixUITests" */;
			buildPhases = (
				49B4B57925F43809005E700D /* Sources */,
				49B4B57A25F43809005E700D /* Frameworks */,
				49B4B57B25F43809005E700D /* Resources */,
			);
			buildRules = (
			);
			dependencies = (
				49B4B57F25F43809005E700D /* PBXTargetDependency */,
			);
			name = MatchFlixUITests;
			productName = MatchFlixUITests;
			productReference = 49B4B57D25F43809005E700D /* MatchFlixUITests.xctest */;
			productType = "com.apple.product-type.bundle.ui-testing";
		};
/* End PBXNativeTarget section */

/* Begin PBXProject section */
		49B4B55425F43807005E700D /* Project object */ = {
			isa = PBXProject;
			attributes = {
				LastSwiftUpdateCheck = 1240;
				LastUpgradeCheck = 1240;
				TargetAttributes = {
					49B4B55B25F43807005E700D = {
						CreatedOnToolsVersion = 12.4;
					};
					49B4B57125F43809005E700D = {
						CreatedOnToolsVersion = 12.4;
						TestTargetID = 49B4B55B25F43807005E700D;
					};
					49B4B57C25F43809005E700D = {
						CreatedOnToolsVersion = 12.4;
						TestTargetID = 49B4B55B25F43807005E700D;
					};
				};
			};
			buildConfigurationList = 49B4B55725F43807005E700D /* Build configuration list for PBXProject "MatchFlix" */;
			compatibilityVersion = "Xcode 9.3";
			developmentRegion = en;
			hasScannedForEncodings = 0;
			knownRegions = (
				en,
				Base,
			);
			mainGroup = 49B4B55325F43807005E700D;
			productRefGroup = 49B4B55D25F43807005E700D /* Products */;
			projectDirPath = "";
			projectRoot = "";
			targets = (
				49B4B55B25F43807005E700D /* MatchFlix */,
				49B4B57125F43809005E700D /* MatchFlixTests */,
				49B4B57C25F43809005E700D /* MatchFlixUITests */,
			);
		};
/* End PBXProject section */

/* Begin PBXResourcesBuildPhase section */
		49B4B55A25F43807005E700D /* Resources */ = {
			isa = PBXResourcesBuildPhase;
			buildActionMask = 2147483647;
			files = (
				49B4B56C25F43809005E700D /* LaunchScreen.storyboard in Resources */,
				49B4B56925F43809005E700D /* Assets.xcassets in Resources */,
				49B4B56725F43807005E700D /* Main.storyboard in Resources */,
			);
			runOnlyForDeploymentPostprocessing = 0;
		};
		49B4B57025F43809005E700D /* Resources */ = {
			isa = PBXResourcesBuildPhase;
			buildActionMask = 2147483647;
			files = (
			);
			runOnlyForDeploymentPostprocessing = 0;
		};
		49B4B57B25F43809005E700D /* Resources */ = {
			isa = PBXResourcesBuildPhase;
			buildActionMask = 2147483647;
			files = (
			);
			runOnlyForDeploymentPostprocessing = 0;
		};
/* End PBXResourcesBuildPhase section */

/* Begin PBXSourcesBuildPhase section */
		49B4B55825F43807005E700D /* Sources */ = {
			isa = PBXSourcesBuildPhase;
			buildActionMask = 2147483647;
			files = (
				49B4B5BD25F6E82C005E700D /* CardView.swift in Sources */,
				49B4B5B825F6960F005E700D /* BottomControlsStackView.swift in Sources */,
				49B4B56025F43807005E700D /* AppDelegate.swift in Sources */,
				49B4B56225F43807005E700D /* SceneDelegate.swift in Sources */,
				49B4B5B325F43FB9005E700D /* HomeNavigationStackView.swift in Sources */,
				49B4B5A925F43CF6005E700D /* HomeController.swift in Sources */,
				49B4B5AE25F43F66005E700D /* Extensions.swift in Sources */,
			);
			runOnlyForDeploymentPostprocessing = 0;
		};
		49B4B56E25F43809005E700D /* Sources */ = {
			isa = PBXSourcesBuildPhase;
			buildActionMask = 2147483647;
			files = (
				49B4B57725F43809005E700D /* MatchFlixTests.swift in Sources */,
			);
			runOnlyForDeploymentPostprocessing = 0;
		};
		49B4B57925F43809005E700D /* Sources */ = {
			isa = PBXSourcesBuildPhase;
			buildActionMask = 2147483647;
			files = (
				49B4B58225F43809005E700D /* MatchFlixUITests.swift in Sources */,
			);
			runOnlyForDeploymentPostprocessing = 0;
		};
/* End PBXSourcesBuildPhase section */

/* Begin PBXTargetDependency section */
		49B4B57425F43809005E700D /* PBXTargetDependency */ = {
			isa = PBXTargetDependency;
			target = 49B4B55B25F43807005E700D /* MatchFlix */;
			targetProxy = 49B4B57325F43809005E700D /* PBXContainerItemProxy */;
		};
		49B4B57F25F43809005E700D /* PBXTargetDependency */ = {
			isa = PBXTargetDependency;
			target = 49B4B55B25F43807005E700D /* MatchFlix */;
			targetProxy = 49B4B57E25F43809005E700D /* PBXContainerItemProxy */;
		};
/* End PBXTargetDependency section */

/* Begin PBXVariantGroup section */
		49B4B56525F43807005E700D /* Main.storyboard */ = {
			isa = PBXVariantGroup;
			children = (
				49B4B56625F43807005E700D /* Base */,
			);
			name = Main.storyboard;
			sourceTree = "<group>";
		};
		49B4B56A25F43809005E700D /* LaunchScreen.storyboard */ = {
			isa = PBXVariantGroup;
			children = (
				49B4B56B25F43809005E700D /* Base */,
			);
			name = LaunchScreen.storyboard;
			sourceTree = "<group>";
		};
/* End PBXVariantGroup section */

/* Begin XCBuildConfiguration section */
		49B4B58425F43809005E700D /* Debug */ = {
			isa = XCBuildConfiguration;
			buildSettings = {
				ALWAYS_SEARCH_USER_PATHS = NO;
				CLANG_ANALYZER_NONNULL = YES;
				CLANG_ANALYZER_NUMBER_OBJECT_CONVERSION = YES_AGGRESSIVE;
				CLANG_CXX_LANGUAGE_STANDARD = "gnu++14";
				CLANG_CXX_LIBRARY = "libc++";
				CLANG_ENABLE_MODULES = YES;
				CLANG_ENABLE_OBJC_ARC = YES;
				CLANG_ENABLE_OBJC_WEAK = YES;
				CLANG_WARN_BLOCK_CAPTURE_AUTORELEASING = YES;
				CLANG_WARN_BOOL_CONVERSION = YES;
				CLANG_WARN_COMMA = YES;
				CLANG_WARN_CONSTANT_CONVERSION = YES;
				CLANG_WARN_DEPRECATED_OBJC_IMPLEMENTATIONS = YES;
				CLANG_WARN_DIRECT_OBJC_ISA_USAGE = YES_ERROR;
				CLANG_WARN_DOCUMENTATION_COMMENTS = YES;
				CLANG_WARN_EMPTY_BODY = YES;
				CLANG_WARN_ENUM_CONVERSION = YES;
				CLANG_WARN_INFINITE_RECURSION = YES;
				CLANG_WARN_INT_CONVERSION = YES;
				CLANG_WARN_NON_LITERAL_NULL_CONVERSION = YES;
				CLANG_WARN_OBJC_IMPLICIT_RETAIN_SELF = YES;
				CLANG_WARN_OBJC_LITERAL_CONVERSION = YES;
				CLANG_WARN_OBJC_ROOT_CLASS = YES_ERROR;
				CLANG_WARN_QUOTED_INCLUDE_IN_FRAMEWORK_HEADER = YES;
				CLANG_WARN_RANGE_LOOP_ANALYSIS = YES;
				CLANG_WARN_STRICT_PROTOTYPES = YES;
				CLANG_WARN_SUSPICIOUS_MOVE = YES;
				CLANG_WARN_UNGUARDED_AVAILABILITY = YES_AGGRESSIVE;
				CLANG_WARN_UNREACHABLE_CODE = YES;
				CLANG_WARN__DUPLICATE_METHOD_MATCH = YES;
				COPY_PHASE_STRIP = NO;
				DEBUG_INFORMATION_FORMAT = dwarf;
				ENABLE_STRICT_OBJC_MSGSEND = YES;
				ENABLE_TESTABILITY = YES;
				GCC_C_LANGUAGE_STANDARD = gnu11;
				GCC_DYNAMIC_NO_PIC = NO;
				GCC_NO_COMMON_BLOCKS = YES;
				GCC_OPTIMIZATION_LEVEL = 0;
				GCC_PREPROCESSOR_DEFINITIONS = (
					"DEBUG=1",
					"$(inherited)",
				);
				GCC_WARN_64_TO_32_BIT_CONVERSION = YES;
				GCC_WARN_ABOUT_RETURN_TYPE = YES_ERROR;
				GCC_WARN_UNDECLARED_SELECTOR = YES;
				GCC_WARN_UNINITIALIZED_AUTOS = YES_AGGRESSIVE;
				GCC_WARN_UNUSED_FUNCTION = YES;
				GCC_WARN_UNUSED_VARIABLE = YES;
				IPHONEOS_DEPLOYMENT_TARGET = 14.4;
				MTL_ENABLE_DEBUG_INFO = INCLUDE_SOURCE;
				MTL_FAST_MATH = YES;
				ONLY_ACTIVE_ARCH = YES;
				SDKROOT = iphoneos;
				SWIFT_ACTIVE_COMPILATION_CONDITIONS = DEBUG;
				SWIFT_OPTIMIZATION_LEVEL = "-Onone";
			};
			name = Debug;
		};
		49B4B58525F43809005E700D /* Release */ = {
			isa = XCBuildConfiguration;
			buildSettings = {
				ALWAYS_SEARCH_USER_PATHS = NO;
				CLANG_ANALYZER_NONNULL = YES;
				CLANG_ANALYZER_NUMBER_OBJECT_CONVERSION = YES_AGGRESSIVE;
				CLANG_CXX_LANGUAGE_STANDARD = "gnu++14";
				CLANG_CXX_LIBRARY = "libc++";
				CLANG_ENABLE_MODULES = YES;
				CLANG_ENABLE_OBJC_ARC = YES;
				CLANG_ENABLE_OBJC_WEAK = YES;
				CLANG_WARN_BLOCK_CAPTURE_AUTORELEASING = YES;
				CLANG_WARN_BOOL_CONVERSION = YES;
				CLANG_WARN_COMMA = YES;
				CLANG_WARN_CONSTANT_CONVERSION = YES;
				CLANG_WARN_DEPRECATED_OBJC_IMPLEMENTATIONS = YES;
				CLANG_WARN_DIRECT_OBJC_ISA_USAGE = YES_ERROR;
				CLANG_WARN_DOCUMENTATION_COMMENTS = YES;
				CLANG_WARN_EMPTY_BODY = YES;
				CLANG_WARN_ENUM_CONVERSION = YES;
				CLANG_WARN_INFINITE_RECURSION = YES;
				CLANG_WARN_INT_CONVERSION = YES;
				CLANG_WARN_NON_LITERAL_NULL_CONVERSION = YES;
				CLANG_WARN_OBJC_IMPLICIT_RETAIN_SELF = YES;
				CLANG_WARN_OBJC_LITERAL_CONVERSION = YES;
				CLANG_WARN_OBJC_ROOT_CLASS = YES_ERROR;
				CLANG_WARN_QUOTED_INCLUDE_IN_FRAMEWORK_HEADER = YES;
				CLANG_WARN_RANGE_LOOP_ANALYSIS = YES;
				CLANG_WARN_STRICT_PROTOTYPES = YES;
				CLANG_WARN_SUSPICIOUS_MOVE = YES;
				CLANG_WARN_UNGUARDED_AVAILABILITY = YES_AGGRESSIVE;
				CLANG_WARN_UNREACHABLE_CODE = YES;
				CLANG_WARN__DUPLICATE_METHOD_MATCH = YES;
				COPY_PHASE_STRIP = NO;
				DEBUG_INFORMATION_FORMAT = "dwarf-with-dsym";
				ENABLE_NS_ASSERTIONS = NO;
				ENABLE_STRICT_OBJC_MSGSEND = YES;
				GCC_C_LANGUAGE_STANDARD = gnu11;
				GCC_NO_COMMON_BLOCKS = YES;
				GCC_WARN_64_TO_32_BIT_CONVERSION = YES;
				GCC_WARN_ABOUT_RETURN_TYPE = YES_ERROR;
				GCC_WARN_UNDECLARED_SELECTOR = YES;
				GCC_WARN_UNINITIALIZED_AUTOS = YES_AGGRESSIVE;
				GCC_WARN_UNUSED_FUNCTION = YES;
				GCC_WARN_UNUSED_VARIABLE = YES;
				IPHONEOS_DEPLOYMENT_TARGET = 14.4;
				MTL_ENABLE_DEBUG_INFO = NO;
				MTL_FAST_MATH = YES;
				SDKROOT = iphoneos;
				SWIFT_COMPILATION_MODE = wholemodule;
				SWIFT_OPTIMIZATION_LEVEL = "-O";
				VALIDATE_PRODUCT = YES;
			};
			name = Release;
		};
		49B4B58725F43809005E700D /* Debug */ = {
			isa = XCBuildConfiguration;
			buildSettings = {
				ASSETCATALOG_COMPILER_APPICON_NAME = AppIcon;
				ASSETCATALOG_COMPILER_GLOBAL_ACCENT_COLOR_NAME = AccentColor;
				CODE_SIGN_STYLE = Automatic;
				INFOPLIST_FILE = MatchFlix/Info.plist;
				LD_RUNPATH_SEARCH_PATHS = (
					"$(inherited)",
					"@executable_path/Frameworks",
				);
				PRODUCT_BUNDLE_IDENTIFIER = SolidAF.MatchFlix;
				PRODUCT_NAME = "$(TARGET_NAME)";
				SWIFT_VERSION = 5.0;
				TARGETED_DEVICE_FAMILY = "1,2";
			};
			name = Debug;
		};
		49B4B58825F43809005E700D /* Release */ = {
			isa = XCBuildConfiguration;
			buildSettings = {
				ASSETCATALOG_COMPILER_APPICON_NAME = AppIcon;
				ASSETCATALOG_COMPILER_GLOBAL_ACCENT_COLOR_NAME = AccentColor;
				CODE_SIGN_STYLE = Automatic;
				INFOPLIST_FILE = MatchFlix/Info.plist;
				LD_RUNPATH_SEARCH_PATHS = (
					"$(inherited)",
					"@executable_path/Frameworks",
				);
				PRODUCT_BUNDLE_IDENTIFIER = SolidAF.MatchFlix;
				PRODUCT_NAME = "$(TARGET_NAME)";
				SWIFT_VERSION = 5.0;
				TARGETED_DEVICE_FAMILY = "1,2";
			};
			name = Release;
		};
		49B4B58A25F43809005E700D /* Debug */ = {
			isa = XCBuildConfiguration;
			buildSettings = {
				ALWAYS_EMBED_SWIFT_STANDARD_LIBRARIES = YES;
				BUNDLE_LOADER = "$(TEST_HOST)";
				CODE_SIGN_STYLE = Automatic;
				INFOPLIST_FILE = MatchFlixTests/Info.plist;
				IPHONEOS_DEPLOYMENT_TARGET = 14.4;
				LD_RUNPATH_SEARCH_PATHS = (
					"$(inherited)",
					"@executable_path/Frameworks",
					"@loader_path/Frameworks",
				);
				PRODUCT_BUNDLE_IDENTIFIER = SolidAF.MatchFlixTests;
				PRODUCT_NAME = "$(TARGET_NAME)";
				SWIFT_VERSION = 5.0;
				TARGETED_DEVICE_FAMILY = "1,2";
				TEST_HOST = "$(BUILT_PRODUCTS_DIR)/MatchFlix.app/MatchFlix";
			};
			name = Debug;
		};
		49B4B58B25F43809005E700D /* Release */ = {
			isa = XCBuildConfiguration;
			buildSettings = {
				ALWAYS_EMBED_SWIFT_STANDARD_LIBRARIES = YES;
				BUNDLE_LOADER = "$(TEST_HOST)";
				CODE_SIGN_STYLE = Automatic;
				INFOPLIST_FILE = MatchFlixTests/Info.plist;
				IPHONEOS_DEPLOYMENT_TARGET = 14.4;
				LD_RUNPATH_SEARCH_PATHS = (
					"$(inherited)",
					"@executable_path/Frameworks",
					"@loader_path/Frameworks",
				);
				PRODUCT_BUNDLE_IDENTIFIER = SolidAF.MatchFlixTests;
				PRODUCT_NAME = "$(TARGET_NAME)";
				SWIFT_VERSION = 5.0;
				TARGETED_DEVICE_FAMILY = "1,2";
				TEST_HOST = "$(BUILT_PRODUCTS_DIR)/MatchFlix.app/MatchFlix";
			};
			name = Release;
		};
		49B4B58D25F43809005E700D /* Debug */ = {
			isa = XCBuildConfiguration;
			buildSettings = {
				ALWAYS_EMBED_SWIFT_STANDARD_LIBRARIES = YES;
				CODE_SIGN_STYLE = Automatic;
				INFOPLIST_FILE = MatchFlixUITests/Info.plist;
				LD_RUNPATH_SEARCH_PATHS = (
					"$(inherited)",
					"@executable_path/Frameworks",
					"@loader_path/Frameworks",
				);
				PRODUCT_BUNDLE_IDENTIFIER = SolidAF.MatchFlixUITests;
				PRODUCT_NAME = "$(TARGET_NAME)";
				SWIFT_VERSION = 5.0;
				TARGETED_DEVICE_FAMILY = "1,2";
				TEST_TARGET_NAME = MatchFlix;
			};
			name = Debug;
		};
		49B4B58E25F43809005E700D /* Release */ = {
			isa = XCBuildConfiguration;
			buildSettings = {
				ALWAYS_EMBED_SWIFT_STANDARD_LIBRARIES = YES;
				CODE_SIGN_STYLE = Automatic;
				INFOPLIST_FILE = MatchFlixUITests/Info.plist;
				LD_RUNPATH_SEARCH_PATHS = (
					"$(inherited)",
					"@executable_path/Frameworks",
					"@loader_path/Frameworks",
				);
				PRODUCT_BUNDLE_IDENTIFIER = SolidAF.MatchFlixUITests;
				PRODUCT_NAME = "$(TARGET_NAME)";
				SWIFT_VERSION = 5.0;
				TARGETED_DEVICE_FAMILY = "1,2";
				TEST_TARGET_NAME = MatchFlix;
			};
			name = Release;
		};
/* End XCBuildConfiguration section */

/* Begin XCConfigurationList section */
		49B4B55725F43807005E700D /* Build configuration list for PBXProject "MatchFlix" */ = {
			isa = XCConfigurationList;
			buildConfigurations = (
				49B4B58425F43809005E700D /* Debug */,
				49B4B58525F43809005E700D /* Release */,
			);
			defaultConfigurationIsVisible = 0;
			defaultConfigurationName = Release;
		};
		49B4B58625F43809005E700D /* Build configuration list for PBXNativeTarget "MatchFlix" */ = {
			isa = XCConfigurationList;
			buildConfigurations = (
				49B4B58725F43809005E700D /* Debug */,
				49B4B58825F43809005E700D /* Release */,
			);
			defaultConfigurationIsVisible = 0;
			defaultConfigurationName = Release;
		};
		49B4B58925F43809005E700D /* Build configuration list for PBXNativeTarget "MatchFlixTests" */ = {
			isa = XCConfigurationList;
			buildConfigurations = (
				49B4B58A25F43809005E700D /* Debug */,
				49B4B58B25F43809005E700D /* Release */,
			);
			defaultConfigurationIsVisible = 0;
			defaultConfigurationName = Release;
		};
		49B4B58C25F43809005E700D /* Build configuration list for PBXNativeTarget "MatchFlixUITests" */ = {
			isa = XCConfigurationList;
			buildConfigurations = (
				49B4B58D25F43809005E700D /* Debug */,
				49B4B58E25F43809005E700D /* Release */,
			);
			defaultConfigurationIsVisible = 0;
			defaultConfigurationName = Release;
		};
/* End XCConfigurationList section */
	};
	rootObject = 49B4B55425F43807005E700D /* Project object */;
}
